// !$*UTF8*$!
{
	archiveVersion = 1;
	classes = {
	};
	objectVersion = 46;
	objects = {

/* Begin PBXBuildFile section */
		849CA1751C8FF9DB00FAFBD8 /* main.m in Sources */ = {isa = PBXBuildFile; fileRef = 849CA1741C8FF9DB00FAFBD8 /* main.m */; };
		849CA1781C8FF9DB00FAFBD8 /* AppDelegate.m in Sources */ = {isa = PBXBuildFile; fileRef = 849CA1771C8FF9DB00FAFBD8 /* AppDelegate.m */; };
		849CA17B1C8FF9DB00FAFBD8 /* ViewController.m in Sources */ = {isa = PBXBuildFile; fileRef = 849CA17A1C8FF9DB00FAFBD8 /* ViewController.m */; };
		849CA17E1C8FF9DB00FAFBD8 /* Main.storyboard in Resources */ = {isa = PBXBuildFile; fileRef = 849CA17C1C8FF9DB00FAFBD8 /* Main.storyboard */; };
		849CA1801C8FF9DB00FAFBD8 /* Images.xcassets in Resources */ = {isa = PBXBuildFile; fileRef = 849CA17F1C8FF9DB00FAFBD8 /* Images.xcassets */; };
		849CA1831C8FF9DB00FAFBD8 /* LaunchScreen.xib in Resources */ = {isa = PBXBuildFile; fileRef = 849CA1811C8FF9DB00FAFBD8 /* LaunchScreen.xib */; };
		849CA18F1C8FF9DB00FAFBD8 /* HTAppTabFrameworkTests.m in Sources */ = {isa = PBXBuildFile; fileRef = 849CA18E1C8FF9DB00FAFBD8 /* HTAppTabFrameworkTests.m */; };
/* End PBXBuildFile section */

/* Begin PBXContainerItemProxy section */
		849CA1891C8FF9DB00FAFBD8 /* PBXContainerItemProxy */ = {
			isa = PBXContainerItemProxy;
			containerPortal = 849CA1671C8FF9DB00FAFBD8 /* Project object */;
			proxyType = 1;
			remoteGlobalIDString = 849CA16E1C8FF9DB00FAFBD8;
			remoteInfo = HTAppTabFramework;
		};
/* End PBXContainerItemProxy section */

/* Begin PBXFileReference section */
		849CA16F1C8FF9DB00FAFBD8 /* HTAppTabFramework.app */ = {isa = PBXFileReference; explicitFileType = wrapper.application; includeInIndex = 0; path = HTAppTabFramework.app; sourceTree = BUILT_PRODUCTS_DIR; };
		849CA1731C8FF9DB00FAFBD8 /* Info.plist */ = {isa = PBXFileReference; lastKnownFileType = text.plist.xml; path = Info.plist; sourceTree = "<group>"; };
		849CA1741C8FF9DB00FAFBD8 /* main.m */ = {isa = PBXFileReference; lastKnownFileType = sourcecode.c.objc; path = main.m; sourceTree = "<group>"; };
		849CA1761C8FF9DB00FAFBD8 /* AppDelegate.h */ = {isa = PBXFileReference; lastKnownFileType = sourcecode.c.h; path = AppDelegate.h; sourceTree = "<group>"; };
		849CA1771C8FF9DB00FAFBD8 /* AppDelegate.m */ = {isa = PBXFileReference; lastKnownFileType = sourcecode.c.objc; path = AppDelegate.m; sourceTree = "<group>"; };
		849CA1791C8FF9DB00FAFBD8 /* ViewController.h */ = {isa = PBXFileReference; lastKnownFileType = sourcecode.c.h; path = ViewController.h; sourceTree = "<group>"; };
		849CA17A1C8FF9DB00FAFBD8 /* ViewController.m */ = {isa = PBXFileReference; lastKnownFileType = sourcecode.c.objc; path = ViewController.m; sourceTree = "<group>"; };
		849CA17D1C8FF9DB00FAFBD8 /* Base */ = {isa = PBXFileReference; lastKnownFileType = file.storyboard; name = Base; path = Base.lproj/Main.storyboard; sourceTree = "<group>"; };
		849CA17F1C8FF9DB00FAFBD8 /* Images.xcassets */ = {isa = PBXFileReference; lastKnownFileType = folder.assetcatalog; path = Images.xcassets; sourceTree = "<group>"; };
		849CA1821C8FF9DB00FAFBD8 /* Base */ = {isa = PBXFileReference; lastKnownFileType = file.xib; name = Base; path = Base.lproj/LaunchScreen.xib; sourceTree = "<group>"; };
		849CA1881C8FF9DB00FAFBD8 /* HTAppTabFrameworkTests.xctest */ = {isa = PBXFileReference; explicitFileType = wrapper.cfbundle; includeInIndex = 0; path = HTAppTabFrameworkTests.xctest; sourceTree = BUILT_PRODUCTS_DIR; };
		849CA18D1C8FF9DB00FAFBD8 /* Info.plist */ = {isa = PBXFileReference; lastKnownFileType = text.plist.xml; path = Info.plist; sourceTree = "<group>"; };
		849CA18E1C8FF9DB00FAFBD8 /* HTAppTabFrameworkTests.m */ = {isa = PBXFileReference; lastKnownFileType = sourcecode.c.objc; path = HTAppTabFrameworkTests.m; sourceTree = "<group>"; };
/* End PBXFileReference section */

/* Begin PBXFrameworksBuildPhase section */
		849CA16C1C8FF9DB00FAFBD8 /* Frameworks */ = {
			isa = PBXFrameworksBuildPhase;
			buildActionMask = 2147483647;
			files = (
			);
			runOnlyForDeploymentPostprocessing = 0;
		};
		849CA1851C8FF9DB00FAFBD8 /* Frameworks */ = {
			isa = PBXFrameworksBuildPhase;
			buildActionMask = 2147483647;
			files = (
			);
			runOnlyForDeploymentPostprocessing = 0;
		};
/* End PBXFrameworksBuildPhase section */

/* Begin PBXGroup section */
		849CA1661C8FF9DB00FAFBD8 = {
			isa = PBXGroup;
			children = (
				849CA1711C8FF9DB00FAFBD8 /* HTAppTabFramework */,
				849CA18B1C8FF9DB00FAFBD8 /* HTAppTabFrameworkTests */,
				849CA1701C8FF9DB00FAFBD8 /* Products */,
			);
			sourceTree = "<group>";
		};
		849CA1701C8FF9DB00FAFBD8 /* Products */ = {
			isa = PBXGroup;
			children = (
				849CA16F1C8FF9DB00FAFBD8 /* HTAppTabFramework.app */,
				849CA1881C8FF9DB00FAFBD8 /* HTAppTabFrameworkTests.xctest */,
			);
			name = Products;
			sourceTree = "<group>";
		};
		849CA1711C8FF9DB00FAFBD8 /* HTAppTabFramework */ = {
			isa = PBXGroup;
			children = (
				849CA1761C8FF9DB00FAFBD8 /* AppDelegate.h */,
				849CA1771C8FF9DB00FAFBD8 /* AppDelegate.m */,
				849CA1791C8FF9DB00FAFBD8 /* ViewController.h */,
				849CA17A1C8FF9DB00FAFBD8 /* ViewController.m */,
				849CA17C1C8FF9DB00FAFBD8 /* Main.storyboard */,
				849CA17F1C8FF9DB00FAFBD8 /* Images.xcassets */,
				849CA1811C8FF9DB00FAFBD8 /* LaunchScreen.xib */,
				849CA1721C8FF9DB00FAFBD8 /* Supporting Files */,
			);
			path = HTAppTabFramework;
			sourceTree = "<group>";
		};
		849CA1721C8FF9DB00FAFBD8 /* Supporting Files */ = {
			isa = PBXGroup;
			children = (
				849CA1731C8FF9DB00FAFBD8 /* Info.plist */,
				849CA1741C8FF9DB00FAFBD8 /* main.m */,
			);
			name = "Supporting Files";
			sourceTree = "<group>";
		};
		849CA18B1C8FF9DB00FAFBD8 /* HTAppTabFrameworkTests */ = {
			isa = PBXGroup;
			children = (
				849CA18E1C8FF9DB00FAFBD8 /* HTAppTabFrameworkTests.m */,
				849CA18C1C8FF9DB00FAFBD8 /* Supporting Files */,
			);
			path = HTAppTabFrameworkTests;
			sourceTree = "<group>";
		};
		849CA18C1C8FF9DB00FAFBD8 /* Supporting Files */ = {
			isa = PBXGroup;
			children = (
				849CA18D1C8FF9DB00FAFBD8 /* Info.plist */,
			);
			name = "Supporting Files";
			sourceTree = "<group>";
		};
/* End PBXGroup section */

/* Begin PBXNativeTarget section */
		849CA16E1C8FF9DB00FAFBD8 /* HTAppTabFramework */ = {
			isa = PBXNativeTarget;
			buildConfigurationList = 849CA1921C8FF9DB00FAFBD8 /* Build configuration list for PBXNativeTarget "HTAppTabFramework" */;
			buildPhases = (
				849CA16B1C8FF9DB00FAFBD8 /* Sources */,
				849CA16C1C8FF9DB00FAFBD8 /* Frameworks */,
				849CA16D1C8FF9DB00FAFBD8 /* Resources */,
			);
			buildRules = (
			);
			dependencies = (
			);
			name = HTAppTabFramework;
			productName = HTAppTabFramework;
			productReference = 849CA16F1C8FF9DB00FAFBD8 /* HTAppTabFramework.app */;
			productType = "com.apple.product-type.application";
		};
		849CA1871C8FF9DB00FAFBD8 /* HTAppTabFrameworkTests */ = {
			isa = PBXNativeTarget;
			buildConfigurationList = 849CA1951C8FF9DB00FAFBD8 /* Build configuration list for PBXNativeTarget "HTAppTabFrameworkTests" */;
			buildPhases = (
				849CA1841C8FF9DB00FAFBD8 /* Sources */,
				849CA1851C8FF9DB00FAFBD8 /* Frameworks */,
				849CA1861C8FF9DB00FAFBD8 /* Resources */,
			);
			buildRules = (
			);
			dependencies = (
				849CA18A1C8FF9DB00FAFBD8 /* PBXTargetDependency */,
			);
			name = HTAppTabFrameworkTests;
			productName = HTAppTabFrameworkTests;
			productReference = 849CA1881C8FF9DB00FAFBD8 /* HTAppTabFrameworkTests.xctest */;
			productType = "com.apple.product-type.bundle.unit-test";
		};
/* End PBXNativeTarget section */

/* Begin PBXProject section */
		849CA1671C8FF9DB00FAFBD8 /* Project object */ = {
			isa = PBXProject;
			attributes = {
				LastUpgradeCheck = 0610;
				ORGANIZATIONNAME = HengTian;
				TargetAttributes = {
					849CA16E1C8FF9DB00FAFBD8 = {
						CreatedOnToolsVersion = 6.1.1;
					};
					849CA1871C8FF9DB00FAFBD8 = {
						CreatedOnToolsVersion = 6.1.1;
						TestTargetID = 849CA16E1C8FF9DB00FAFBD8;
					};
				};
			};
			buildConfigurationList = 849CA16A1C8FF9DB00FAFBD8 /* Build configuration list for PBXProject "HTAppTabFramework" */;
			compatibilityVersion = "Xcode 3.2";
			developmentRegion = English;
			hasScannedForEncodings = 0;
			knownRegions = (
				en,
				Base,
			);
			mainGroup = 849CA1661C8FF9DB00FAFBD8;
			productRefGroup = 849CA1701C8FF9DB00FAFBD8 /* Products */;
			projectDirPath = "";
			projectRoot = "";
			targets = (
				849CA16E1C8FF9DB00FAFBD8 /* HTAppTabFramework */,
				849CA1871C8FF9DB00FAFBD8 /* HTAppTabFrameworkTests */,
			);
		};
/* End PBXProject section */

/* Begin PBXResourcesBuildPhase section */
		849CA16D1C8FF9DB00FAFBD8 /* Resources */ = {
			isa = PBXResourcesBuildPhase;
			buildActionMask = 2147483647;
			files = (
				849CA17E1C8FF9DB00FAFBD8 /* Main.storyboard in Resources */,
				849CA1831C8FF9DB00FAFBD8 /* LaunchScreen.xib in Resources */,
				849CA1801C8FF9DB00FAFBD8 /* Images.xcassets in Resources */,
			);
			runOnlyForDeploymentPostprocessing = 0;
		};
		849CA1861C8FF9DB00FAFBD8 /* Resources */ = {
			isa = PBXResourcesBuildPhase;
			buildActionMask = 2147483647;
			files = (
			);
			runOnlyForDeploymentPostprocessing = 0;
		};
/* End PBXResourcesBuildPhase section */

/* Begin PBXSourcesBuildPhase section */
		849CA16B1C8FF9DB00FAFBD8 /* Sources */ = {
			isa = PBXSourcesBuildPhase;
			buildActionMask = 2147483647;
			files = (
				849CA17B1C8FF9DB00FAFBD8 /* ViewController.m in Sources */,
				849CA1781C8FF9DB00FAFBD8 /* AppDelegate.m in Sources */,
				849CA1751C8FF9DB00FAFBD8 /* main.m in Sources */,
			);
			runOnlyForDeploymentPostprocessing = 0;
		};
		849CA1841C8FF9DB00FAFBD8 /* Sources */ = {
			isa = PBXSourcesBuildPhase;
			buildActionMask = 2147483647;
			files = (
				849CA18F1C8FF9DB00FAFBD8 /* HTAppTabFrameworkTests.m in Sources */,
			);
			runOnlyForDeploymentPostprocessing = 0;
		};
/* End PBXSourcesBuildPhase section */

/* Begin PBXTargetDependency section */
		849CA18A1C8FF9DB00FAFBD8 /* PBXTargetDependency */ = {
			isa = PBXTargetDependency;
			target = 849CA16E1C8FF9DB00FAFBD8 /* HTAppTabFramework */;
			targetProxy = 849CA1891C8FF9DB00FAFBD8 /* PBXContainerItemProxy */;
		};
/* End PBXTargetDependency section */

/* Begin PBXVariantGroup section */
		849CA17C1C8FF9DB00FAFBD8 /* Main.storyboard */ = {
			isa = PBXVariantGroup;
			children = (
				849CA17D1C8FF9DB00FAFBD8 /* Base */,
			);
			name = Main.storyboard;
			sourceTree = "<group>";
		};
		849CA1811C8FF9DB00FAFBD8 /* LaunchScreen.xib */ = {
			isa = PBXVariantGroup;
			children = (
				849CA1821C8FF9DB00FAFBD8 /* Base */,
			);
			name = LaunchScreen.xib;
			sourceTree = "<group>";
		};
/* End PBXVariantGroup section */

/* Begin XCBuildConfiguration section */
		849CA1901C8FF9DB00FAFBD8 /* Debug */ = {
			isa = XCBuildConfiguration;
			buildSettings = {
				ALWAYS_SEARCH_USER_PATHS = NO;
				CLANG_CXX_LANGUAGE_STANDARD = "gnu++0x";
				CLANG_CXX_LIBRARY = "libc++";
				CLANG_ENABLE_MODULES = YES;
				CLANG_ENABLE_OBJC_ARC = YES;
				CLANG_WARN_BOOL_CONVERSION = YES;
				CLANG_WARN_CONSTANT_CONVERSION = YES;
				CLANG_WARN_DIRECT_OBJC_ISA_USAGE = YES_ERROR;
				CLANG_WARN_EMPTY_BODY = YES;
				CLANG_WARN_ENUM_CONVERSION = YES;
				CLANG_WARN_INT_CONVERSION = YES;
				CLANG_WARN_OBJC_ROOT_CLASS = YES_ERROR;
				CLANG_WARN_UNREACHABLE_CODE = YES;
				CLANG_WARN__DUPLICATE_METHOD_MATCH = YES;
				"CODE_SIGN_IDENTITY[sdk=iphoneos*]" = "iPhone Developer";
				COPY_PHASE_STRIP = NO;
				ENABLE_STRICT_OBJC_MSGSEND = YES;
				GCC_C_LANGUAGE_STANDARD = gnu99;
				GCC_DYNAMIC_NO_PIC = NO;
				GCC_OPTIMIZATION_LEVEL = 0;
				GCC_PREPROCESSOR_DEFINITIONS = (
					"DEBUG=1",
					"$(inherited)",
				);
				GCC_SYMBOLS_PRIVATE_EXTERN = NO;
				GCC_WARN_64_TO_32_BIT_CONVERSION = YES;
				GCC_WARN_ABOUT_RETURN_TYPE = YES_ERROR;
				GCC_WARN_UNDECLARED_SELECTOR = YES;
				GCC_WARN_UNINITIALIZED_AUTOS = YES_AGGRESSIVE;
				GCC_WARN_UNUSED_FUNCTION = YES;
				GCC_WARN_UNUSED_VARIABLE = YES;
				IPHONEOS_DEPLOYMENT_TARGET = 8.1;
				MTL_ENABLE_DEBUG_INFO = YES;
				ONLY_ACTIVE_ARCH = YES;
				SDKROOT = iphoneos;
			};
			name = Debug;
		};
		849CA1911C8FF9DB00FAFBD8 /* Release */ = {
			isa = XCBuildConfiguration;
			buildSettings = {
				ALWAYS_SEARCH_USER_PATHS = NO;
				CLANG_CXX_LANGUAGE_STANDARD = "gnu++0x";
				CLANG_CXX_LIBRARY = "libc++";
				CLANG_ENABLE_MODULES = YES;
				CLANG_ENABLE_OBJC_ARC = YES;
				CLANG_WARN_BOOL_CONVERSION = YES;
				CLANG_WARN_CONSTANT_CONVERSION = YES;
				CLANG_WARN_DIRECT_OBJC_ISA_USAGE = YES_ERROR;
				CLANG_WARN_EMPTY_BODY = YES;
				CLANG_WARN_ENUM_CONVERSION = YES;
				CLANG_WARN_INT_CONVERSION = YES;
				CLANG_WARN_OBJC_ROOT_CLASS = YES_ERROR;
				CLANG_WARN_UNREACHABLE_CODE = YES;
				CLANG_WARN__DUPLICATE_METHOD_MATCH = YES;
				"CODE_SIGN_IDENTITY[sdk=iphoneos*]" = "iPhone Developer";
				COPY_PHASE_STRIP = YES;
				ENABLE_NS_ASSERTIONS = NO;
				ENABLE_STRICT_OBJC_MSGSEND = YES;
				GCC_C_LANGUAGE_STANDARD = gnu99;
				GCC_WARN_64_TO_32_BIT_CONVERSION = YES;
				GCC_WARN_ABOUT_RETURN_TYPE = YES_ERROR;
				GCC_WARN_UNDECLARED_SELECTOR = YES;
				GCC_WARN_UNINITIALIZED_AUTOS = YES_AGGRESSIVE;
				GCC_WARN_UNUSED_FUNCTION = YES;
				GCC_WARN_UNUSED_VARIABLE = YES;
				IPHONEOS_DEPLOYMENT_TARGET = 8.1;
				MTL_ENABLE_DEBUG_INFO = NO;
				SDKROOT = iphoneos;
				VALIDATE_PRODUCT = YES;
			};
			name = Release;
		};
		849CA1931C8FF9DB00FAFBD8 /* Debug */ = {
			isa = XCBuildConfiguration;
			buildSettings = {
				ASSETCATALOG_COMPILER_APPICON_NAME = AppIcon;
				INFOPLIST_FILE = HTAppTabFramework/Info.plist;
				LD_RUNPATH_SEARCH_PATHS = "$(inherited) @executable_path/Frameworks";
				PRODUCT_NAME = "$(TARGET_NAME)";
			};
			name = Debug;
		};
		849CA1941C8FF9DB00FAFBD8 /* Release */ = {
			isa = XCBuildConfiguration;
			buildSettings = {
				ASSETCATALOG_COMPILER_APPICON_NAME = AppIcon;
				INFOPLIST_FILE = HTAppTabFramework/Info.plist;
				LD_RUNPATH_SEARCH_PATHS = "$(inherited) @executable_path/Frameworks";
				PRODUCT_NAME = "$(TARGET_NAME)";
			};
			name = Release;
		};
		849CA1961C8FF9DB00FAFBD8 /* Debug */ = {
			isa = XCBuildConfiguration;
			buildSettings = {
				BUNDLE_LOADER = "$(TEST_HOST)";
				FRAMEWORK_SEARCH_PATHS = (
					"$(SDKROOT)/Developer/Library/Frameworks",
					"$(inherited)",
				);
				GCC_PREPROCESSOR_DEFINITIONS = (
					"DEBUG=1",
					"$(inherited)",
				);
				INFOPLIST_FILE = HTAppTabFrameworkTests/Info.plist;
				LD_RUNPATH_SEARCH_PATHS = "$(inherited) @executable_path/Frameworks @loader_path/Frameworks";
				PRODUCT_NAME = "$(TARGET_NAME)";
				TEST_HOST = "$(BUILT_PRODUCTS_DIR)/HTAppTabFramework.app/HTAppTabFramework";
			};
			name = Debug;
		};
		849CA1971C8FF9DB00FAFBD8 /* Release */ = {
			isa = XCBuildConfiguration;
			buildSettings = {
				BUNDLE_LOADER = "$(TEST_HOST)";
				FRAMEWORK_SEARCH_PATHS = (
					"$(SDKROOT)/Developer/Library/Frameworks",
					"$(inherited)",
				);
				INFOPLIST_FILE = HTAppTabFrameworkTests/Info.plist;
				LD_RUNPATH_SEARCH_PATHS = "$(inherited) @executable_path/Frameworks @loader_path/Frameworks";
				PRODUCT_NAME = "$(TARGET_NAME)";
				TEST_HOST = "$(BUILT_PRODUCTS_DIR)/HTAppTabFramework.app/HTAppTabFramework";
			};
			name = Release;
		};
/* End XCBuildConfiguration section */

/* Begin XCConfigurationList section */
		849CA16A1C8FF9DB00FAFBD8 /* Build configuration list for PBXProject "HTAppTabFramework" */ = {
			isa = XCConfigurationList;
			buildConfigurations = (
				849CA1901C8FF9DB00FAFBD8 /* Debug */,
				849CA1911C8FF9DB00FAFBD8 /* Release */,
			);
			defaultConfigurationIsVisible = 0;
			defaultConfigurationName = Release;
		};
		849CA1921C8FF9DB00FAFBD8 /* Build configuration list for PBXNativeTarget "HTAppTabFramework" */ = {
			isa = XCConfigurationList;
			buildConfigurations = (
				849CA1931C8FF9DB00FAFBD8 /* Debug */,
				849CA1941C8FF9DB00FAFBD8 /* Release */,
			);
			defaultConfigurationIsVisible = 0;
		};
		849CA1951C8FF9DB00FAFBD8 /* Build configuration list for PBXNativeTarget "HTAppTabFrameworkTests" */ = {
			isa = XCConfigurationList;
			buildConfigurations = (
				849CA1961C8FF9DB00FAFBD8 /* Debug */,
				849CA1971C8FF9DB00FAFBD8 /* Release */,
			);
			defaultConfigurationIsVisible = 0;
		};
/* End XCConfigurationList section */
	};
	rootObject = 849CA1671C8FF9DB00FAFBD8 /* Project object */;
}
